
Microsoft Visual Studio Solution File, Format Version 12.00
# Visual Studio Version 17
VisualStudioVersion = 17.0.31903.59
MinimumVisualStudioVersion = 10.0.40219.1
Project("{2150E333-8FDC-42A3-9474-1A3956D46DE8}") = "src", "src", "{827E0CD3-B72D-47B6-A68D-7590B98EB39B}"
EndProject
Project("{FAE04EC0-301F-11D3-BF4B-00C04F79EFBC}") = "RescueHub.Api", "src\RescueHub.Api\RescueHub.Api.csproj", "{CB34ED2C-E208-43C1-8C0F-9DA9CC429BDF}"
EndProject
Project("{FAE04EC0-301F-11D3-BF4B-00C04F79EFBC}") = "RescueHub.BuildingBlocks", "src\RescueHub.BuildingBlocks\RescueHub.BuildingBlocks.csproj", "{C341FE13-CD9F-45C0-B38F-E1BA7BDB11BD}"
EndProject
Project("{FAE04EC0-301F-11D3-BF4B-00C04F79EFBC}") = "RescueHub.Modules.Auth", "src\RescueHub.Modules.Auth\RescueHub.Modules.Auth.csproj", "{59A30436-D960-4B58-B53F-7030C8F67858}"
EndProject
Project("{FAE04EC0-301F-11D3-BF4B-00C04F79EFBC}") = "RescueHub.Modules.Public", "src\RescueHub.Modules.Public\RescueHub.Modules.Public.csproj", "{2816FF44-963C-4AA5-8DF7-F297C23564C8}"
EndProject
Project("{FAE04EC0-301F-11D3-BF4B-00C04F79EFBC}") = "RescueHub.Modules.MasterData", "src\RescueHub.Modules.MasterData\RescueHub.Modules.MasterData.csproj", "{5D4E2F1B-9810-47E0-A8CD-E98B4AB09A07}"
EndProject
Project("{FAE04EC0-301F-11D3-BF4B-00C04F79EFBC}") = "RescueHub.Modules.Incidents", "src\RescueHub.Modules.Incidents\RescueHub.Modules.Incidents.csproj", "{EA06D8C2-B93F-4F22-893A-06278EB4F900}"
EndProject
Project("{FAE04EC0-301F-11D3-BF4B-00C04F79EFBC}") = "RescueHub.Modules.Media", "src\RescueHub.Modules.Media\RescueHub.Modules.Media.csproj", "{FC66C352-04CD-4662-B430-AC2F15AFC6CD}"
EndProject
Project("{FAE04EC0-301F-11D3-BF4B-00C04F79EFBC}") = "RescueHub.Modules.AI", "src\RescueHub.Modules.AI\RescueHub.Modules.AI.csproj", "{563CD67F-341E-49E3-9499-16AEF671D1E2}"
EndProject
Project("{FAE04EC0-301F-11D3-BF4B-00C04F79EFBC}") = "RescueHub.Persistence", "src\RescueHub.Persistence\RescueHub.Persistence.csproj", "{1C931403-A0EA-4E84-9433-3691BDC81143}"
EndProject
Project("{FAE04EC0-301F-11D3-BF4B-00C04F79EFBC}") = "RescueHub.Modules.Admin", "src\RescueHub.Modules.Admin\RescueHub.Modules.Admin.csproj", "{CE37C168-85D7-4289-BC6E-6D42A4798F0F}"
EndProject
Global
	GlobalSection(SolutionConfigurationPlatforms) = preSolution
		Debug|Any CPU = Debug|Any CPU
		Debug|x64 = Debug|x64
		Debug|x86 = Debug|x86
		Release|Any CPU = Release|Any CPU
		Release|x64 = Release|x64
		Release|x86 = Release|x86
	EndGlobalSection
	GlobalSection(ProjectConfigurationPlatforms) = postSolution
		{CB34ED2C-E208-43C1-8C0F-9DA9CC429BDF}.Debug|Any CPU.ActiveCfg = Debug|Any CPU
		{CB34ED2C-E208-43C1-8C0F-9DA9CC429BDF}.Debug|Any CPU.Build.0 = Debug|Any CPU
		{CB34ED2C-E208-43C1-8C0F-9DA9CC429BDF}.Debug|x64.ActiveCfg = Debug|Any CPU
		{CB34ED2C-E208-43C1-8C0F-9DA9CC429BDF}.Debug|x64.Build.0 = Debug|Any CPU
		{CB34ED2C-E208-43C1-8C0F-9DA9CC429BDF}.Debug|x86.ActiveCfg = Debug|Any CPU
		{CB34ED2C-E208-43C1-8C0F-9DA9CC429BDF}.Debug|x86.Build.0 = Debug|Any CPU
		{CB34ED2C-E208-43C1-8C0F-9DA9CC429BDF}.Release|Any CPU.ActiveCfg = Release|Any CPU
		{CB34ED2C-E208-43C1-8C0F-9DA9CC429BDF}.Release|Any CPU.Build.0 = Release|Any CPU
		{CB34ED2C-E208-43C1-8C0F-9DA9CC429BDF}.Release|x64.ActiveCfg = Release|Any CPU
		{CB34ED2C-E208-43C1-8C0F-9DA9CC429BDF}.Release|x64.Build.0 = Release|Any CPU
		{CB34ED2C-E208-43C1-8C0F-9DA9CC429BDF}.Release|x86.ActiveCfg = Release|Any CPU
		{CB34ED2C-E208-43C1-8C0F-9DA9CC429BDF}.Release|x86.Build.0 = Release|Any CPU
		{C341FE13-CD9F-45C0-B38F-E1BA7BDB11BD}.Debug|Any CPU.ActiveCfg = Debug|Any CPU
		{C341FE13-CD9F-45C0-B38F-E1BA7BDB11BD}.Debug|Any CPU.Build.0 = Debug|Any CPU
		{C341FE13-CD9F-45C0-B38F-E1BA7BDB11BD}.Debug|x64.ActiveCfg = Debug|Any CPU
		{C341FE13-CD9F-45C0-B38F-E1BA7BDB11BD}.Debug|x64.Build.0 = Debug|Any CPU
		{C341FE13-CD9F-45C0-B38F-E1BA7BDB11BD}.Debug|x86.ActiveCfg = Debug|Any CPU
		{C341FE13-CD9F-45C0-B38F-E1BA7BDB11BD}.Debug|x86.Build.0 = Debug|Any CPU
		{C341FE13-CD9F-45C0-B38F-E1BA7BDB11BD}.Release|Any CPU.ActiveCfg = Release|Any CPU
		{C341FE13-CD9F-45C0-B38F-E1BA7BDB11BD}.Release|Any CPU.Build.0 = Release|Any CPU
		{C341FE13-CD9F-45C0-B38F-E1BA7BDB11BD}.Release|x64.ActiveCfg = Release|Any CPU
		{C341FE13-CD9F-45C0-B38F-E1BA7BDB11BD}.Release|x64.Build.0 = Release|Any CPU
		{C341FE13-CD9F-45C0-B38F-E1BA7BDB11BD}.Release|x86.ActiveCfg = Release|Any CPU
		{C341FE13-CD9F-45C0-B38F-E1BA7BDB11BD}.Release|x86.Build.0 = Release|Any CPU
		{59A30436-D960-4B58-B53F-7030C8F67858}.Debug|Any CPU.ActiveCfg = Debug|Any CPU
		{59A30436-D960-4B58-B53F-7030C8F67858}.Debug|Any CPU.Build.0 = Debug|Any CPU
		{59A30436-D960-4B58-B53F-7030C8F67858}.Debug|x64.ActiveCfg = Debug|Any CPU
		{59A30436-D960-4B58-B53F-7030C8F67858}.Debug|x64.Build.0 = Debug|Any CPU
		{59A30436-D960-4B58-B53F-7030C8F67858}.Debug|x86.ActiveCfg = Debug|Any CPU
		{59A30436-D960-4B58-B53F-7030C8F67858}.Debug|x86.Build.0 = Debug|Any CPU
		{59A30436-D960-4B58-B53F-7030C8F67858}.Release|Any CPU.ActiveCfg = Release|Any CPU
		{59A30436-D960-4B58-B53F-7030C8F67858}.Release|Any CPU.Build.0 = Release|Any CPU
		{59A30436-D960-4B58-B53F-7030C8F67858}.Release|x64.ActiveCfg = Release|Any CPU
		{59A30436-D960-4B58-B53F-7030C8F67858}.Release|x64.Build.0 = Release|Any CPU
		{59A30436-D960-4B58-B53F-7030C8F67858}.Release|x86.ActiveCfg = Release|Any CPU
		{59A30436-D960-4B58-B53F-7030C8F67858}.Release|x86.Build.0 = Release|Any CPU
		{2816FF44-963C-4AA5-8DF7-F297C23564C8}.Debug|Any CPU.ActiveCfg = Debug|Any CPU
		{2816FF44-963C-4AA5-8DF7-F297C23564C8}.Debug|Any CPU.Build.0 = Debug|Any CPU
		{2816FF44-963C-4AA5-8DF7-F297C23564C8}.Debug|x64.ActiveCfg = Debug|Any CPU
		{2816FF44-963C-4AA5-8DF7-F297C23564C8}.Debug|x64.Build.0 = Debug|Any CPU
		{2816FF44-963C-4AA5-8DF7-F297C23564C8}.Debug|x86.ActiveCfg = Debug|Any CPU
		{2816FF44-963C-4AA5-8DF7-F297C23564C8}.Debug|x86.Build.0 = Debug|Any CPU
		{2816FF44-963C-4AA5-8DF7-F297C23564C8}.Release|Any CPU.ActiveCfg = Release|Any CPU
		{2816FF44-963C-4AA5-8DF7-F297C23564C8}.Release|Any CPU.Build.0 = Release|Any CPU
		{2816FF44-963C-4AA5-8DF7-F297C23564C8}.Release|x64.ActiveCfg = Release|Any CPU
		{2816FF44-963C-4AA5-8DF7-F297C23564C8}.Release|x64.Build.0 = Release|Any CPU
		{2816FF44-963C-4AA5-8DF7-F297C23564C8}.Release|x86.ActiveCfg = Release|Any CPU
		{2816FF44-963C-4AA5-8DF7-F297C23564C8}.Release|x86.Build.0 = Release|Any CPU
		{5D4E2F1B-9810-47E0-A8CD-E98B4AB09A07}.Debug|Any CPU.ActiveCfg = Debug|Any CPU
		{5D4E2F1B-9810-47E0-A8CD-E98B4AB09A07}.Debug|Any CPU.Build.0 = Debug|Any CPU
		{5D4E2F1B-9810-47E0-A8CD-E98B4AB09A07}.Debug|x64.ActiveCfg = Debug|Any CPU
		{5D4E2F1B-9810-47E0-A8CD-E98B4AB09A07}.Debug|x64.Build.0 = Debug|Any CPU
		{5D4E2F1B-9810-47E0-A8CD-E98B4AB09A07}.Debug|x86.ActiveCfg = Debug|Any CPU
		{5D4E2F1B-9810-47E0-A8CD-E98B4AB09A07}.Debug|x86.Build.0 = Debug|Any CPU
		{5D4E2F1B-9810-47E0-A8CD-E98B4AB09A07}.Release|Any CPU.ActiveCfg = Release|Any CPU
		{5D4E2F1B-9810-47E0-A8CD-E98B4AB09A07}.Release|Any CPU.Build.0 = Release|Any CPU
		{5D4E2F1B-9810-47E0-A8CD-E98B4AB09A07}.Release|x64.ActiveCfg = Release|Any CPU
		{5D4E2F1B-9810-47E0-A8CD-E98B4AB09A07}.Release|x64.Build.0 = Release|Any CPU
		{5D4E2F1B-9810-47E0-A8CD-E98B4AB09A07}.Release|x86.ActiveCfg = Release|Any CPU
		{5D4E2F1B-9810-47E0-A8CD-E98B4AB09A07}.Release|x86.Build.0 = Release|Any CPU
		{EA06D8C2-B93F-4F22-893A-06278EB4F900}.Debug|Any CPU.ActiveCfg = Debug|Any CPU
		{EA06D8C2-B93F-4F22-893A-06278EB4F900}.Debug|Any CPU.Build.0 = Debug|Any CPU
		{EA06D8C2-B93F-4F22-893A-06278EB4F900}.Debug|x64.ActiveCfg = Debug|Any CPU
		{EA06D8C2-B93F-4F22-893A-06278EB4F900}.Debug|x64.Build.0 = Debug|Any CPU
		{EA06D8C2-B93F-4F22-893A-06278EB4F900}.Debug|x86.ActiveCfg = Debug|Any CPU
		{EA06D8C2-B93F-4F22-893A-06278EB4F900}.Debug|x86.Build.0 = Debug|Any CPU
		{EA06D8C2-B93F-4F22-893A-06278EB4F900}.Release|Any CPU.ActiveCfg = Release|Any CPU
		{EA06D8C2-B93F-4F22-893A-06278EB4F900}.Release|Any CPU.Build.0 = Release|Any CPU
		{EA06D8C2-B93F-4F22-893A-06278EB4F900}.Release|x64.ActiveCfg = Release|Any CPU
		{EA06D8C2-B93F-4F22-893A-06278EB4F900}.Release|x64.Build.0 = Release|Any CPU
		{EA06D8C2-B93F-4F22-893A-06278EB4F900}.Release|x86.ActiveCfg = Release|Any CPU
		{EA06D8C2-B93F-4F22-893A-06278EB4F900}.Release|x86.Build.0 = Release|Any CPU
		{FC66C352-04CD-4662-B430-AC2F15AFC6CD}.Debug|Any CPU.ActiveCfg = Debug|Any CPU
		{FC66C352-04CD-4662-B430-AC2F15AFC6CD}.Debug|Any CPU.Build.0 = Debug|Any CPU
		{FC66C352-04CD-4662-B430-AC2F15AFC6CD}.Debug|x64.ActiveCfg = Debug|Any CPU
		{FC66C352-04CD-4662-B430-AC2F15AFC6CD}.Debug|x64.Build.0 = Debug|Any CPU
		{FC66C352-04CD-4662-B430-AC2F15AFC6CD}.Debug|x86.ActiveCfg = Debug|Any CPU
		{FC66C352-04CD-4662-B430-AC2F15AFC6CD}.Debug|x86.Build.0 = Debug|Any CPU
		{FC66C352-04CD-4662-B430-AC2F15AFC6CD}.Release|Any CPU.ActiveCfg = Release|Any CPU
		{FC66C352-04CD-4662-B430-AC2F15AFC6CD}.Release|Any CPU.Build.0 = Release|Any CPU
		{FC66C352-04CD-4662-B430-AC2F15AFC6CD}.Release|x64.ActiveCfg = Release|Any CPU
		{FC66C352-04CD-4662-B430-AC2F15AFC6CD}.Release|x64.Build.0 = Release|Any CPU
		{FC66C352-04CD-4662-B430-AC2F15AFC6CD}.Release|x86.ActiveCfg = Release|Any CPU
		{FC66C352-04CD-4662-B430-AC2F15AFC6CD}.Release|x86.Build.0 = Release|Any CPU
		{563CD67F-341E-49E3-9499-16AEF671D1E2}.Debug|Any CPU.ActiveCfg = Debug|Any CPU
		{563CD67F-341E-49E3-9499-16AEF671D1E2}.Debug|Any CPU.Build.0 = Debug|Any CPU
		{563CD67F-341E-49E3-9499-16AEF671D1E2}.Debug|x64.ActiveCfg = Debug|Any CPU
		{563CD67F-341E-49E3-9499-16AEF671D1E2}.Debug|x64.Build.0 = Debug|Any CPU
		{563CD67F-341E-49E3-9499-16AEF671D1E2}.Debug|x86.ActiveCfg = Debug|Any CPU
		{563CD67F-341E-49E3-9499-16AEF671D1E2}.Debug|x86.Build.0 = Debug|Any CPU
		{563CD67F-341E-49E3-9499-16AEF671D1E2}.Release|Any CPU.ActiveCfg = Release|Any CPU
		{563CD67F-341E-49E3-9499-16AEF671D1E2}.Release|Any CPU.Build.0 = Release|Any CPU
		{563CD67F-341E-49E3-9499-16AEF671D1E2}.Release|x64.ActiveCfg = Release|Any CPU
		{563CD67F-341E-49E3-9499-16AEF671D1E2}.Release|x64.Build.0 = Release|Any CPU
		{563CD67F-341E-49E3-9499-16AEF671D1E2}.Release|x86.ActiveCfg = Release|Any CPU
		{563CD67F-341E-49E3-9499-16AEF671D1E2}.Release|x86.Build.0 = Release|Any CPU
		{1C931403-A0EA-4E84-9433-3691BDC81143}.Debug|Any CPU.ActiveCfg = Debug|Any CPU
		{1C931403-A0EA-4E84-9433-3691BDC81143}.Debug|Any CPU.Build.0 = Debug|Any CPU
		{1C931403-A0EA-4E84-9433-3691BDC81143}.Debug|x64.ActiveCfg = Debug|Any CPU
		{1C931403-A0EA-4E84-9433-3691BDC81143}.Debug|x64.Build.0 = Debug|Any CPU
		{1C931403-A0EA-4E84-9433-3691BDC81143}.Debug|x86.ActiveCfg = Debug|Any CPU
		{1C931403-A0EA-4E84-9433-3691BDC81143}.Debug|x86.Build.0 = Debug|Any CPU
		{1C931403-A0EA-4E84-9433-3691BDC81143}.Release|Any CPU.ActiveCfg = Release|Any CPU
		{1C931403-A0EA-4E84-9433-3691BDC81143}.Release|Any CPU.Build.0 = Release|Any CPU
		{1C931403-A0EA-4E84-9433-3691BDC81143}.Release|x64.ActiveCfg = Release|Any CPU
		{1C931403-A0EA-4E84-9433-3691BDC81143}.Release|x64.Build.0 = Release|Any CPU
		{1C931403-A0EA-4E84-9433-3691BDC81143}.Release|x86.ActiveCfg = Release|Any CPU
		{1C931403-A0EA-4E84-9433-3691BDC81143}.Release|x86.Build.0 = Release|Any CPU
		{CE37C168-85D7-4289-BC6E-6D42A4798F0F}.Debug|Any CPU.ActiveCfg = Debug|Any CPU
		{CE37C168-85D7-4289-BC6E-6D42A4798F0F}.Debug|Any CPU.Build.0 = Debug|Any CPU
		{CE37C168-85D7-4289-BC6E-6D42A4798F0F}.Debug|x64.ActiveCfg = Debug|Any CPU
		{CE37C168-85D7-4289-BC6E-6D42A4798F0F}.Debug|x64.Build.0 = Debug|Any CPU
		{CE37C168-85D7-4289-BC6E-6D42A4798F0F}.Debug|x86.ActiveCfg = Debug|Any CPU
		{CE37C168-85D7-4289-BC6E-6D42A4798F0F}.Debug|x86.Build.0 = Debug|Any CPU
		{CE37C168-85D7-4289-BC6E-6D42A4798F0F}.Release|Any CPU.ActiveCfg = Release|Any CPU
		{CE37C168-85D7-4289-BC6E-6D42A4798F0F}.Release|Any CPU.Build.0 = Release|Any CPU
		{CE37C168-85D7-4289-BC6E-6D42A4798F0F}.Release|x64.ActiveCfg = Release|Any CPU
		{CE37C168-85D7-4289-BC6E-6D42A4798F0F}.Release|x64.Build.0 = Release|Any CPU
		{CE37C168-85D7-4289-BC6E-6D42A4798F0F}.Release|x86.ActiveCfg = Release|Any CPU
		{CE37C168-85D7-4289-BC6E-6D42A4798F0F}.Release|x86.Build.0 = Release|Any CPU
	EndGlobalSection
	GlobalSection(SolutionProperties) = preSolution
		HideSolutionNode = FALSE
	EndGlobalSection
	GlobalSection(NestedProjects) = preSolution
		{CB34ED2C-E208-43C1-8C0F-9DA9CC429BDF} = {827E0CD3-B72D-47B6-A68D-7590B98EB39B}
		{C341FE13-CD9F-45C0-B38F-E1BA7BDB11BD} = {827E0CD3-B72D-47B6-A68D-7590B98EB39B}
		{59A30436-D960-4B58-B53F-7030C8F67858} = {827E0CD3-B72D-47B6-A68D-7590B98EB39B}
		{2816FF44-963C-4AA5-8DF7-F297C23564C8} = {827E0CD3-B72D-47B6-A68D-7590B98EB39B}
		{5D4E2F1B-9810-47E0-A8CD-E98B4AB09A07} = {827E0CD3-B72D-47B6-A68D-7590B98EB39B}
		{EA06D8C2-B93F-4F22-893A-06278EB4F900} = {827E0CD3-B72D-47B6-A68D-7590B98EB39B}
		{FC66C352-04CD-4662-B430-AC2F15AFC6CD} = {827E0CD3-B72D-47B6-A68D-7590B98EB39B}
		{563CD67F-341E-49E3-9499-16AEF671D1E2} = {827E0CD3-B72D-47B6-A68D-7590B98EB39B}
		{1C931403-A0EA-4E84-9433-3691BDC81143} = {827E0CD3-B72D-47B6-A68D-7590B98EB39B}
		{CE37C168-85D7-4289-BC6E-6D42A4798F0F} = {827E0CD3-B72D-47B6-A68D-7590B98EB39B}
	EndGlobalSection
EndGlobal
